{
  "version": "3",
  "packages": {
    "specifiers": {
      "jsr:@std/assert@^0.225.2": "jsr:@std/assert@0.225.3",
      "jsr:@std/path": "jsr:@std/path@0.225.1",
      "jsr:@std/testing": "jsr:@std/testing@0.225.0",
      "npm:chai": "npm:chai@5.1.1",
      "npm:commander": "npm:commander@11.1.0"
    },
    "jsr": {
      "@std/assert@0.225.3": {
        "integrity": "b3c2847aecf6955b50644cdb9cf072004ea3d1998dd7579fc0acb99dbb23bd4f"
      },
      "@std/path@0.225.1": {
        "integrity": "8c3220635a73730eb51fe43de9e10b79e2724a5bb8638b9355d35ae012fd9429",
        "dependencies": [
          "jsr:@std/assert@^0.225.2"
        ]
      },
      "@std/testing@0.225.0": {
        "integrity": "53ca3c47eb121acabda633fd50699c4b33da6a7ce3e5bb34d7277d15df5f0a6e"
      }
    },
    "npm": {
      "assertion-error@2.0.1": {
        "integrity": "sha512-Izi8RQcffqCeNVgFigKli1ssklIbpHnCYc6AknXGYoB6grJqyeby7jv12JUQgmTAnIDnbck1uxksT4dzN3PWBA==",
        "dependencies": {}
      },
      "chai@5.1.1": {
        "integrity": "sha512-pT1ZgP8rPNqUgieVaEY+ryQr6Q4HXNg8Ei9UnLUrjN4IA7dvQC5JB+/kxVcPNDHyBcc/26CXPkbNzq3qwrOEKA==",
        "dependencies": {
          "assertion-error": "assertion-error@2.0.1",
          "check-error": "check-error@2.1.1",
          "deep-eql": "deep-eql@5.0.2",
          "loupe": "loupe@3.1.1",
          "pathval": "pathval@2.0.0"
        }
      },
      "check-error@2.1.1": {
        "integrity": "sha512-OAlb+T7V4Op9OwdkjmguYRqncdlx5JiofwOAUkmTF+jNdHwzTaTs4sRAGpzLF3oOz5xAyDGrPgeIDFQmDOTiJw==",
        "dependencies": {}
      },
      "commander@11.1.0": {
        "integrity": "sha512-yPVavfyCcRhmorC7rWlkHn15b4wDVgVmBA7kV4QVBsF7kv/9TKJAbAXVTxvTnwP8HHKjRCJDClKbciiYS7p0DQ==",
        "dependencies": {}
      },
      "deep-eql@5.0.2": {
        "integrity": "sha512-h5k/5U50IJJFpzfL6nO9jaaumfjO/f2NjK/oYB2Djzm4p9L+3T9qWpZqZ2hAbLPuuYq9wrU08WQyBTL5GbPk5Q==",
        "dependencies": {}
      },
      "get-func-name@2.0.2": {
        "integrity": "sha512-8vXOvuE167CtIc3OyItco7N/dpRtBbYOsPsXCz7X/PMnlGjYjSGuZJgM1Y7mmew7BKf9BqvLX2tnOVy1BBUsxQ==",
        "dependencies": {}
      },
      "loupe@3.1.1": {
        "integrity": "sha512-edNu/8D5MKVfGVFRhFf8aAxiTM6Wumfz5XsaatSxlD3w4R1d/WEKUTydCdPGbl9K7QG/Ca3GnDV2sIKIpXRQcw==",
        "dependencies": {
          "get-func-name": "get-func-name@2.0.2"
        }
      },
      "pathval@2.0.0": {
        "integrity": "sha512-vE7JKRyES09KiunauX7nd2Q9/L7lhok4smP9RZTDeD4MVs72Dp2qNFVz39Nz5a0FVEW0BJR6C0DYrq6unoziZA==",
        "dependencies": {}
      }
    }
  },
  "remote": {
    "https://deno.land/std@0.204.0/assert/_constants.ts": "8a9da298c26750b28b326b297316cdde860bc237533b07e1337c021379e6b2a9",
    "https://deno.land/std@0.204.0/assert/_diff.ts": "58e1461cc61d8eb1eacbf2a010932bf6a05b79344b02ca38095f9b805795dc48",
    "https://deno.land/std@0.204.0/assert/_format.ts": "a69126e8a469009adf4cf2a50af889aca364c349797e63174884a52ff75cf4c7",
    "https://deno.land/std@0.204.0/assert/assert_equals.ts": "d8ec8a22447fbaf2fc9d7c3ed2e66790fdb74beae3e482855d75782218d68227",
    "https://deno.land/std@0.204.0/assert/assert_is_error.ts": "c21113094a51a296ffaf036767d616a78a2ae5f9f7bbd464cd0197476498b94b",
    "https://deno.land/std@0.204.0/assert/assert_throws.ts": "63784e951475cb7bdfd59878cd25a0931e18f6dc32a6077c454b2cd94f4f4bcd",
    "https://deno.land/std@0.204.0/assert/assertion_error.ts": "4d0bde9b374dfbcbe8ac23f54f567b77024fb67dbb1906a852d67fe050d42f56",
    "https://deno.land/std@0.204.0/assert/equal.ts": "9f1a46d5993966d2596c44e5858eec821859b45f783a5ee2f7a695dfc12d8ece",
    "https://deno.land/std@0.204.0/fmt/colors.ts": "c51c4642678eb690dcf5ffee5918b675bf01a33fba82acf303701ae1a4f8c8d9"
  }
}
